
Microsoft Visual Studio Solution File, Format Version 12.00
# Visual Studio Version 16
VisualStudioVersion = 16.0.28803.452
MinimumVisualStudioVersion = 10.0.40219.1
Project("{FAE04EC0-301F-11D3-BF4B-00C04F79EFBC}") = "GSAutoTimeEntries", "AutoTimeEntries\GSAutoTimeEntries.csproj", "{662783DE-8137-4FFB-B981-48EFE60C784E}"
EndProject
Project("{FAE04EC0-301F-11D3-BF4B-00C04F79EFBC}") = "VisualEffects", "VisualEffects_1.2\VisualEffects\VisualEffects.csproj", "{88C2E4D2-1237-4616-9F74-2D0A4AF06009}"
EndProject
Global
	GlobalSection(SolutionConfigurationPlatforms) = preSolution
		Debug|Any CPU = Debug|Any CPU
		Debug|x86 = Debug|x86
		Release|Any CPU = Release|Any CPU
		Release|x86 = Release|x86
	EndGlobalSection
	GlobalSection(ProjectConfigurationPlatforms) = postSolution
		{662783DE-8137-4FFB-B981-48EFE60C784E}.Debug|Any CPU.ActiveCfg = Debug|x86
		{662783DE-8137-4FFB-B981-48EFE60C784E}.Debug|Any CPU.Build.0 = Debug|x86
		{662783DE-8137-4FFB-B981-48EFE60C784E}.Debug|x86.ActiveCfg = Debug|x86
		{662783DE-8137-4FFB-B981-48EFE60C784E}.Debug|x86.Build.0 = Debug|x86
		{662783DE-8137-4FFB-B981-48EFE60C784E}.Release|Any CPU.ActiveCfg = Release|x86
		{662783DE-8137-4FFB-B981-48EFE60C784E}.Release|x86.ActiveCfg = Release|x86
		{662783DE-8137-4FFB-B981-48EFE60C784E}.Release|x86.Build.0 = Release|x86
		{88C2E4D2-1237-4616-9F74-2D0A4AF06009}.Debug|Any CPU.ActiveCfg = Debug|Any CPU
		{88C2E4D2-1237-4616-9F74-2D0A4AF06009}.Debug|Any CPU.Build.0 = Debug|Any CPU
		{88C2E4D2-1237-4616-9F74-2D0A4AF06009}.Debug|x86.ActiveCfg = Debug|Any CPU
		{88C2E4D2-1237-4616-9F74-2D0A4AF06009}.Debug|x86.Build.0 = Debug|Any CPU
		{88C2E4D2-1237-4616-9F74-2D0A4AF06009}.Release|Any CPU.ActiveCfg = Release|Any CPU
		{88C2E4D2-1237-4616-9F74-2D0A4AF06009}.Release|Any CPU.Build.0 = Release|Any CPU
		{88C2E4D2-1237-4616-9F74-2D0A4AF06009}.Release|x86.ActiveCfg = Release|Any CPU
		{88C2E4D2-1237-4616-9F74-2D0A4AF06009}.Release|x86.Build.0 = Release|Any CPU
	EndGlobalSection
	GlobalSection(SolutionProperties) = preSolution
		HideSolutionNode = FALSE
	EndGlobalSection
	GlobalSection(ExtensibilityGlobals) = postSolution
		SolutionGuid = {9395E659-30DD-4AFB-A147-8FBCBB9F4F51}
	EndGlobalSection
EndGlobal
